
Microsoft Visual Studio Solution File, Format Version 12.00
# Visual Studio Version 16
VisualStudioVersion = 16.0.34031.81
MinimumVisualStudioVersion = 10.0.40219.1
Project("{FAE04EC0-301F-11D3-BF4B-00C04F79EFBC}") = "superAdventure", "superAdventure.csproj", "{A6C0A1D6-A2D0-4DDC-AA1F-9AA0F941588E}"
EndProject
Project("{FAE04EC0-301F-11D3-BF4B-00C04F79EFBC}") = "Engine", "..\Engine\Engine.csproj", "{B5DD5244-8131-43EC-A6A5-F819C3B354B6}"
EndProject
Global
	GlobalSection(SolutionConfigurationPlatforms) = preSolution
		Debug|Any CPU = Debug|Any CPU
		Release|Any CPU = Release|Any CPU
	EndGlobalSection
	GlobalSection(ProjectConfigurationPlatforms) = postSolution
		{A6C0A1D6-A2D0-4DDC-AA1F-9AA0F941588E}.Debug|Any CPU.ActiveCfg = Debug|Any CPU
		{A6C0A1D6-A2D0-4DDC-AA1F-9AA0F941588E}.Debug|Any CPU.Build.0 = Debug|Any CPU
		{A6C0A1D6-A2D0-4DDC-AA1F-9AA0F941588E}.Release|Any CPU.ActiveCfg = Release|Any CPU
		{A6C0A1D6-A2D0-4DDC-AA1F-9AA0F941588E}.Release|Any CPU.Build.0 = Release|Any CPU
		{B5DD5244-8131-43EC-A6A5-F819C3B354B6}.Debug|Any CPU.ActiveCfg = Debug|Any CPU
		{B5DD5244-8131-43EC-A6A5-F819C3B354B6}.Debug|Any CPU.Build.0 = Debug|Any CPU
		{B5DD5244-8131-43EC-A6A5-F819C3B354B6}.Release|Any CPU.ActiveCfg = Release|Any CPU
		{B5DD5244-8131-43EC-A6A5-F819C3B354B6}.Release|Any CPU.Build.0 = Release|Any CPU
	EndGlobalSection
	GlobalSection(SolutionProperties) = preSolution
		HideSolutionNode = FALSE
	EndGlobalSection
	GlobalSection(ExtensibilityGlobals) = postSolution
		SolutionGuid = {953584A4-ACCA-4958-9C89-1BC317F2E7A9}
	EndGlobalSection
EndGlobal
